
Microsoft Visual Studio Solution File, Format Version 12.00
# Visual Studio Version 17
VisualStudioVersion = 17.14.36203.30
MinimumVisualStudioVersion = 10.0.40219.1
Project("{FAE04EC0-301F-11D3-BF4B-00C04F79EFBC}") = "01-Conexion-mysql", "01-Conexion-mysql\01-Conexion-mysql.csproj", "{E9068A2E-818F-432A-A222-46BB49981657}"
EndProject
Project("{FAE04EC0-301F-11D3-BF4B-00C04F79EFBC}") = "02-Query", "02-Query\02-Query.csproj", "{D9E038B4-940B-4CC1-B919-14D3FF4CB2AB}"
EndProject
Project("{FAE04EC0-301F-11D3-BF4B-00C04F79EFBC}") = "03-4Operaciones", "03-4Operaciones\03-4Operaciones.csproj", "{6619E9CF-0DAB-42F6-A958-A4487D0F3E9A}"
EndProject
Project("{FAE04EC0-301F-11D3-BF4B-00C04F79EFBC}") = "04-4Oper-Forms-Parametros", "04-4Oper-Forms-Parametros\04-4Oper-Forms-Parametros.csproj", "{232611BC-C55B-487F-84B9-1B0079DDEEAC}"
EndProject
Project("{FAE04EC0-301F-11D3-BF4B-00C04F79EFBC}") = "05-CRUD-MVC-base", "05-CRUD-MVC-base\05-CRUD-MVC-base.csproj", "{CEEA6F15-6134-4D5A-9CB2-4BE44EB12306}"
EndProject
Project("{FAE04EC0-301F-11D3-BF4B-00C04F79EFBC}") = "06-CRUD-dgv-lineas", "06-CRUD-dgv-lineas\06-CRUD-dgv-lineas.csproj", "{6DC6B145-2997-4024-B9FB-F36FF75365F0}"
EndProject
Project("{FAE04EC0-301F-11D3-BF4B-00C04F79EFBC}") = "07-CRUD-navegacion", "07-CRUD-navegacion\07-CRUD-navegacion.csproj", "{87F56A49-935E-4467-9205-6FE5E50A3694}"
EndProject
Global
	GlobalSection(SolutionConfigurationPlatforms) = preSolution
		Debug|Any CPU = Debug|Any CPU
		Release|Any CPU = Release|Any CPU
	EndGlobalSection
	GlobalSection(ProjectConfigurationPlatforms) = postSolution
		{E9068A2E-818F-432A-A222-46BB49981657}.Debug|Any CPU.ActiveCfg = Debug|Any CPU
		{E9068A2E-818F-432A-A222-46BB49981657}.Debug|Any CPU.Build.0 = Debug|Any CPU
		{E9068A2E-818F-432A-A222-46BB49981657}.Release|Any CPU.ActiveCfg = Release|Any CPU
		{E9068A2E-818F-432A-A222-46BB49981657}.Release|Any CPU.Build.0 = Release|Any CPU
		{D9E038B4-940B-4CC1-B919-14D3FF4CB2AB}.Debug|Any CPU.ActiveCfg = Debug|Any CPU
		{D9E038B4-940B-4CC1-B919-14D3FF4CB2AB}.Debug|Any CPU.Build.0 = Debug|Any CPU
		{D9E038B4-940B-4CC1-B919-14D3FF4CB2AB}.Release|Any CPU.ActiveCfg = Release|Any CPU
		{D9E038B4-940B-4CC1-B919-14D3FF4CB2AB}.Release|Any CPU.Build.0 = Release|Any CPU
		{6619E9CF-0DAB-42F6-A958-A4487D0F3E9A}.Debug|Any CPU.ActiveCfg = Debug|Any CPU
		{6619E9CF-0DAB-42F6-A958-A4487D0F3E9A}.Debug|Any CPU.Build.0 = Debug|Any CPU
		{6619E9CF-0DAB-42F6-A958-A4487D0F3E9A}.Release|Any CPU.ActiveCfg = Release|Any CPU
		{6619E9CF-0DAB-42F6-A958-A4487D0F3E9A}.Release|Any CPU.Build.0 = Release|Any CPU
		{232611BC-C55B-487F-84B9-1B0079DDEEAC}.Debug|Any CPU.ActiveCfg = Debug|Any CPU
		{232611BC-C55B-487F-84B9-1B0079DDEEAC}.Debug|Any CPU.Build.0 = Debug|Any CPU
		{232611BC-C55B-487F-84B9-1B0079DDEEAC}.Release|Any CPU.ActiveCfg = Release|Any CPU
		{232611BC-C55B-487F-84B9-1B0079DDEEAC}.Release|Any CPU.Build.0 = Release|Any CPU
		{CEEA6F15-6134-4D5A-9CB2-4BE44EB12306}.Debug|Any CPU.ActiveCfg = Debug|Any CPU
		{CEEA6F15-6134-4D5A-9CB2-4BE44EB12306}.Debug|Any CPU.Build.0 = Debug|Any CPU
		{CEEA6F15-6134-4D5A-9CB2-4BE44EB12306}.Release|Any CPU.ActiveCfg = Release|Any CPU
		{CEEA6F15-6134-4D5A-9CB2-4BE44EB12306}.Release|Any CPU.Build.0 = Release|Any CPU
		{6DC6B145-2997-4024-B9FB-F36FF75365F0}.Debug|Any CPU.ActiveCfg = Debug|Any CPU
		{6DC6B145-2997-4024-B9FB-F36FF75365F0}.Debug|Any CPU.Build.0 = Debug|Any CPU
		{6DC6B145-2997-4024-B9FB-F36FF75365F0}.Release|Any CPU.ActiveCfg = Release|Any CPU
		{6DC6B145-2997-4024-B9FB-F36FF75365F0}.Release|Any CPU.Build.0 = Release|Any CPU
		{87F56A49-935E-4467-9205-6FE5E50A3694}.Debug|Any CPU.ActiveCfg = Debug|Any CPU
		{87F56A49-935E-4467-9205-6FE5E50A3694}.Debug|Any CPU.Build.0 = Debug|Any CPU
		{87F56A49-935E-4467-9205-6FE5E50A3694}.Release|Any CPU.ActiveCfg = Release|Any CPU
		{87F56A49-935E-4467-9205-6FE5E50A3694}.Release|Any CPU.Build.0 = Release|Any CPU
	EndGlobalSection
	GlobalSection(SolutionProperties) = preSolution
		HideSolutionNode = FALSE
	EndGlobalSection
	GlobalSection(ExtensibilityGlobals) = postSolution
		SolutionGuid = {348781CB-8C42-45D7-8B3F-23958D2A72EF}
	EndGlobalSection
EndGlobal
